<?xml version="1.0" encoding="utf-8"?>
<Project ToolsVersion="4.0" xmlns="http://schemas.microsoft.com/developer/msbuild/2003">
  <ItemGroup>
    <Filter Include="win32">
      <UniqueIdentifier>{84a8ebd7-7cf0-47f6-b75e-d441df67da40}</UniqueIdentifier>
    </Filter>
    <Filter Include="resource">
      <UniqueIdentifier>{715254bc-d70b-4ec5-bf29-467dd3ace079}</UniqueIdentifier>
    </Filter>
    <Filter Include="src">
      <UniqueIdentifier>{bb6c862e-70e9-49d9-81b7-3829a6f50471}</UniqueIdentifier>
    </Filter>
    <Filter Include="src\State">
      <UniqueIdentifier>{3ead170b-c33f-4225-b1fc-9833aa980da9}</UniqueIdentifier>
    </Filter>
    <Filter Include="src\Entity">
      <UniqueIdentifier>{3a26ee6e-6ef0-40a6-afea-362f361c712e}</UniqueIdentifier>
    </Filter>
    <Filter Include="src\Scene">
      <UniqueIdentifier>{efa58daa-e16b-4e4c-955d-1c9d75b2a566}</UniqueIdentifier>
    </Filter>
    <Filter Include="src\Entity\message">
      <UniqueIdentifier>{80bd9f35-ed1c-40e3-8e66-33cb0997aa09}</UniqueIdentifier>
    </Filter>
    <Filter Include="src\Misc">
      <UniqueIdentifier>{319f98aa-c1a6-418d-aec6-61a9dae05a62}</UniqueIdentifier>
    </Filter>
  </ItemGroup>
  <ItemGroup>
    <ClCompile Include="main.cpp">
      <Filter>win32</Filter>
    </ClCompile>
    <ClCompile Include="..\Classes\State\HeroOwnedStates.cpp">
      <Filter>src\State</Filter>
    </ClCompile>
    <ClCompile Include="..\Classes\Scene\GameScene.cpp">
      <Filter>src\Scene</Filter>
    </ClCompile>
    <ClCompile Include="..\Classes\Scene\WelcomeScene.cpp">
      <Filter>src\Scene</Filter>
    </ClCompile>
    <ClCompile Include="..\Classes\State\BossOwnedStates.cpp">
      <Filter>src\State</Filter>
    </ClCompile>
    <ClCompile Include="..\Classes\Scene\LevelLayer.cpp">
      <Filter>src\Scene</Filter>
    </ClCompile>
    <ClCompile Include="..\Classes\Entity\message\MessageDispatcher.cpp">
      <Filter>src\Entity\message</Filter>
    </ClCompile>
    <ClCompile Include="..\Classes\Entity\BaseGameEntity.cpp">
      <Filter>src\Entity</Filter>
    </ClCompile>
    <ClCompile Include="..\Classes\Entity\Boss.cpp">
      <Filter>src\Entity</Filter>
    </ClCompile>
    <ClCompile Include="..\Classes\Entity\EntityManger.cpp">
      <Filter>src\Entity</Filter>
    </ClCompile>
    <ClCompile Include="..\Classes\Entity\Hero.cpp">
      <Filter>src\Entity</Filter>
    </ClCompile>
    <ClCompile Include="..\Classes\AppDelegate.cpp">
      <Filter>src</Filter>
    </ClCompile>
    <ClCompile Include="..\Classes\GameApplication.cpp">
      <Filter>src</Filter>
    </ClCompile>
    <ClCompile Include="..\Classes\Misc\AnimationManger.cpp">
      <Filter>src\Misc</Filter>
    </ClCompile>
    <ClCompile Include="..\Classes\Misc\GameEntityConfig.cpp">
      <Filter>src\Misc</Filter>
    </ClCompile>
    <ClCompile Include="..\Classes\Misc\GB2ShapeCache.cpp">
      <Filter>src\Misc</Filter>
    </ClCompile>
    <ClCompile Include="..\Classes\Misc\GLES-Render.cpp">
      <Filter>src\Misc</Filter>
    </ClCompile>
    <ClCompile Include="..\Classes\Misc\Helper.cpp">
      <Filter>src\Misc</Filter>
    </ClCompile>
    <ClCompile Include="..\Classes\Misc\Singleton.cpp">
      <Filter>src\Misc</Filter>
    </ClCompile>
    <ClCompile Include="..\Classes\Misc\TexturePacker.cpp">
      <Filter>src\Misc</Filter>
    </ClCompile>
    <ClCompile Include="..\Classes\Misc\VisibleRect.cpp">
      <Filter>src\Misc</Filter>
    </ClCompile>
  </ItemGroup>
  <ItemGroup>
    <ClInclude Include="main.h">
      <Filter>win32</Filter>
    </ClInclude>
    <ClInclude Include="..\Classes\State\HeroOwnedStates.h">
      <Filter>src\State</Filter>
    </ClInclude>
    <ClInclude Include="..\Classes\State\State.h">
      <Filter>src\State</Filter>
    </ClInclude>
    <ClInclude Include="..\Classes\State\StateMachine.h">
      <Filter>src\State</Filter>
    </ClInclude>
    <ClInclude Include="..\Classes\Scene\GameScene.h">
      <Filter>src\Scene</Filter>
    </ClInclude>
    <ClInclude Include="..\Classes\Scene\WelcomeScene.h">
      <Filter>src\Scene</Filter>
    </ClInclude>
    <ClInclude Include="..\Classes\State\BossOwnedStates.h">
      <Filter>src\State</Filter>
    </ClInclude>
    <ClInclude Include="..\Classes\Scene\LevelLayer.h">
      <Filter>src\Scene</Filter>
    </ClInclude>
    <ClInclude Include="..\Classes\Entity\message\MeesageTypes.h">
      <Filter>src\Entity\message</Filter>
    </ClInclude>
    <ClInclude Include="..\Classes\Entity\message\MessageDispatcher.h">
      <Filter>src\Entity\message</Filter>
    </ClInclude>
    <ClInclude Include="..\Classes\Entity\message\Telegram.h">
      <Filter>src\Entity\message</Filter>
    </ClInclude>
    <ClInclude Include="..\Classes\Entity\ActionTags.h">
      <Filter>src\Entity</Filter>
    </ClInclude>
    <ClInclude Include="..\Classes\Entity\BaseGameEntity.h">
      <Filter>src\Entity</Filter>
    </ClInclude>
    <ClInclude Include="..\Classes\Entity\Boss.h">
      <Filter>src\Entity</Filter>
    </ClInclude>
    <ClInclude Include="..\Classes\Entity\Category.h">
      <Filter>src\Entity</Filter>
    </ClInclude>
    <ClInclude Include="..\Classes\Entity\EntityManger.h">
      <Filter>src\Entity</Filter>
    </ClInclude>
    <ClInclude Include="..\Classes\Entity\GameEntityCreator.h">
      <Filter>src\Entity</Filter>
    </ClInclude>
    <ClInclude Include="..\Classes\Entity\Hero.h">
      <Filter>src\Entity</Filter>
    </ClInclude>
    <ClInclude Include="..\Classes\AppDelegate.h">
      <Filter>src</Filter>
    </ClInclude>
    <ClInclude Include="..\Classes\GameApplication.h">
      <Filter>src</Filter>
    </ClInclude>
    <ClInclude Include="..\Classes\Misc\AnimationManger.h">
      <Filter>src\Misc</Filter>
    </ClInclude>
    <ClInclude Include="..\Classes\Misc\GameEntityConfig.h">
      <Filter>src\Misc</Filter>
    </ClInclude>
    <ClInclude Include="..\Classes\Misc\GB2ShapeCache.h">
      <Filter>src\Misc</Filter>
    </ClInclude>
    <ClInclude Include="..\Classes\Misc\GLES-Render.h">
      <Filter>src\Misc</Filter>
    </ClInclude>
    <ClInclude Include="..\Classes\Misc\Helper.h">
      <Filter>src\Misc</Filter>
    </ClInclude>
    <ClInclude Include="..\Classes\Misc\Singleton.h">
      <Filter>src\Misc</Filter>
    </ClInclude>
    <ClInclude Include="..\Classes\Misc\TexturePacker.h">
      <Filter>src\Misc</Filter>
    </ClInclude>
    <ClInclude Include="..\Classes\Misc\VisibleRect.h">
      <Filter>src\Misc</Filter>
    </ClInclude>
  </ItemGroup>
  <ItemGroup>
    <ResourceCompile Include="game.rc">
      <Filter>resource</Filter>
    </ResourceCompile>
  </ItemGroup>
</Project>